{
  "version": 4,
  "terraform_version": "1.11.2",
  "serial": 4,
  "lineage": "6714c2c9-ff5a-1bf7-1546-72df32951814",
  "outputs": {},
  "resources": [
    {
      "mode": "managed",
      "type": "github_repository",
      "name": "mon_repo",
      "provider": "provider[\"registry.terraform.io/integrations/github\"]",
      "instances": [
        {
          "schema_version": 1,
          "attributes": {
            "allow_auto_merge": false,
            "allow_merge_commit": true,
            "allow_rebase_merge": true,
            "allow_squash_merge": true,
            "allow_update_branch": false,
            "archive_on_destroy": null,
            "archived": false,
            "auto_init": null,
            "default_branch": "main",
            "delete_branch_on_merge": false,
            "description": "Un dépôt créé avec Terraform",
            "etag": "W/\"49222bc3be1b7e3164c58ba1065a418df14c4459f768a7a86243318cf3741991\"",
            "full_name": "AugustinBeeuwsaert/Test",
            "git_clone_url": "git://github.com/AugustinBeeuwsaert/Test.git",
            "gitignore_template": null,
            "has_discussions": false,
            "has_downloads": false,
            "has_issues": false,
            "has_projects": false,
            "has_wiki": false,
            "homepage_url": "",
            "html_url": "https://github.com/AugustinBeeuwsaert/Test",
            "http_clone_url": "https://github.com/AugustinBeeuwsaert/Test.git",
            "id": "Test",
            "ignore_vulnerability_alerts_during_read": null,
            "is_template": false,
            "license_template": null,
            "merge_commit_message": "PR_TITLE",
            "merge_commit_title": "MERGE_MESSAGE",
            "name": "Test",
            "node_id": "R_kgDOOQLUCQ",
            "pages": [],
            "primary_language": "",
            "private": true,
            "repo_id": 956486665,
            "security_and_analysis": [],
            "squash_merge_commit_message": "COMMIT_MESSAGES",
            "squash_merge_commit_title": "COMMIT_OR_PR_TITLE",
            "ssh_clone_url": "git@github.com:AugustinBeeuwsaert/Test.git",
            "svn_url": "https://github.com/AugustinBeeuwsaert/Test",
            "template": [],
            "topics": [],
            "visibility": "private",
            "vulnerability_alerts": false,
            "web_commit_signoff_required": false
          },
          "sensitive_attributes": [],
          "private": "eyJzY2hlbWFfdmVyc2lvbiI6IjEifQ=="
        }
      ]
    }
  ],
  "check_results": null
}
